
Microsoft Visual Studio Solution File, Format Version 12.00
# Visual Studio Version 17
VisualStudioVersion = 17.0.31717.71
MinimumVisualStudioVersion = 10.0.40219.1
Project("{FAE04EC0-301F-11D3-BF4B-00C04F79EFBC}") = "SonicNextRandomiser", "SonicNextRandomiser\SonicNextRandomiser.csproj", "{A5E8CD01-7148-4E66-B5F9-8C0514AF2E8A}"
EndProject
Global
	GlobalSection(SolutionConfigurationPlatforms) = preSolution
		Debug|Any CPU = Debug|Any CPU
		Release|Any CPU = Release|Any CPU
	EndGlobalSection
	GlobalSection(ProjectConfigurationPlatforms) = postSolution
		{A5E8CD01-7148-4E66-B5F9-8C0514AF2E8A}.Debug|Any CPU.ActiveCfg = Debug|Any CPU
		{A5E8CD01-7148-4E66-B5F9-8C0514AF2E8A}.Debug|Any CPU.Build.0 = Debug|Any CPU
		{A5E8CD01-7148-4E66-B5F9-8C0514AF2E8A}.Release|Any CPU.ActiveCfg = Release|Any CPU
		{A5E8CD01-7148-4E66-B5F9-8C0514AF2E8A}.Release|Any CPU.Build.0 = Release|Any CPU
	EndGlobalSection
	GlobalSection(SolutionProperties) = preSolution
		HideSolutionNode = FALSE
	EndGlobalSection
	GlobalSection(ExtensibilityGlobals) = postSolution
		SolutionGuid = {A694CE43-AE70-4CE2-8AF4-57C3309C2348}
	EndGlobalSection
EndGlobal
