
Microsoft Visual Studio Solution File, Format Version 12.00
# Visual Studio Version 16
VisualStudioVersion = 16.0.29025.244
MinimumVisualStudioVersion = 10.0.40219.1
Project("{FAE04EC0-301F-11D3-BF4B-00C04F79EFBC}") = "SONIC THE HEDGEHOG (2006) Randomiser Suite", "SONIC THE HEDGEHOG (2006) Randomiser Suite\SONIC THE HEDGEHOG (2006) Randomiser Suite.csproj", "{2B1AFF0A-B6E8-4512-B755-8EDBD88809CA}"
EndProject
Global
	GlobalSection(SolutionConfigurationPlatforms) = preSolution
		Debug|Any CPU = Debug|Any CPU
		Release|Any CPU = Release|Any CPU
	EndGlobalSection
	GlobalSection(ProjectConfigurationPlatforms) = postSolution
		{2B1AFF0A-B6E8-4512-B755-8EDBD88809CA}.Debug|Any CPU.ActiveCfg = Debug|Any CPU
		{2B1AFF0A-B6E8-4512-B755-8EDBD88809CA}.Debug|Any CPU.Build.0 = Debug|Any CPU
		{2B1AFF0A-B6E8-4512-B755-8EDBD88809CA}.Release|Any CPU.ActiveCfg = Release|Any CPU
		{2B1AFF0A-B6E8-4512-B755-8EDBD88809CA}.Release|Any CPU.Build.0 = Release|Any CPU
	EndGlobalSection
	GlobalSection(SolutionProperties) = preSolution
		HideSolutionNode = FALSE
	EndGlobalSection
	GlobalSection(ExtensibilityGlobals) = postSolution
		SolutionGuid = {75B3EB80-BDC9-415D-A43C-2A56E6942F7C}
	EndGlobalSection
EndGlobal
